
Microsoft Visual Studio Solution File, Format Version 12.00
# Visual Studio Version 16
VisualStudioVersion = 16.0.30717.126
MinimumVisualStudioVersion = 10.0.40219.1
Project("{FAE04EC0-301F-11D3-BF4B-00C04F79EFBC}") = "Binary Translator", "Binary Translator\Binary Translator.csproj", "{EFB03115-8C82-4314-BDC1-7E49A616A248}"
EndProject
Global
	GlobalSection(SolutionConfigurationPlatforms) = preSolution
		Debug|Any CPU = Debug|Any CPU
		Release|Any CPU = Release|Any CPU
	EndGlobalSection
	GlobalSection(ProjectConfigurationPlatforms) = postSolution
		{EFB03115-8C82-4314-BDC1-7E49A616A248}.Debug|Any CPU.ActiveCfg = Debug|Any CPU
		{EFB03115-8C82-4314-BDC1-7E49A616A248}.Debug|Any CPU.Build.0 = Debug|Any CPU
		{EFB03115-8C82-4314-BDC1-7E49A616A248}.Release|Any CPU.ActiveCfg = Release|Any CPU
		{EFB03115-8C82-4314-BDC1-7E49A616A248}.Release|Any CPU.Build.0 = Release|Any CPU
	EndGlobalSection
	GlobalSection(SolutionProperties) = preSolution
		HideSolutionNode = FALSE
	EndGlobalSection
	GlobalSection(ExtensibilityGlobals) = postSolution
		SolutionGuid = {2F833B4E-B8DA-41F4-B154-D0074DDBC3FA}
	EndGlobalSection
EndGlobal
